
Microsoft Visual Studio Solution File, Format Version 12.00
# Visual Studio Version 17
VisualStudioVersion = 17.14.36109.1
MinimumVisualStudioVersion = 10.0.40219.1
Project("{9A19103F-16F7-4668-BE54-9A1E7A4F7556}") = "Semantic.Kernel.Agent2AgentProtocol.Client", "Semantic.Kernel.Agent2AgentProtocol.Example.Agent1\Semantic.Kernel.Agent2AgentProtocol.Client.csproj", "{D76E89B8-77BE-4735-A6F1-B061F241B26D}"
EndProject
Project("{9A19103F-16F7-4668-BE54-9A1E7A4F7556}") = "Semantic.Kernel.Agent2AgentProtocol.ReverseAgent", "Semantic.Kernel.Agent2AgentProtocol.Example.Agent2\Semantic.Kernel.Agent2AgentProtocol.ReverseAgent.csproj", "{BC62CDF0-F235-494D-BDBD-A3DA96BF5DA3}"
EndProject
Project("{9A19103F-16F7-4668-BE54-9A1E7A4F7556}") = "Semantic.Kernel.Agent2AgentProtocol.Example.Core", "Semantic.Kernel.Agent2AgentProtocol.Example.Core\Semantic.Kernel.Agent2AgentProtocol.Example.Core.csproj", "{B7CC8F7C-C6F8-4371-8F73-318E2B8117F3}"
EndProject
Project("{9A19103F-16F7-4668-BE54-9A1E7A4F7556}") = "Agent2AgentProtocol.Discovery.Service", "Agent2AgentProtocol.Discovery.Service\Agent2AgentProtocol.Discovery.Service.csproj", "{BC76B006-2E86-48F3-A339-29A13DA02FF4}"
EndProject
Project("{9A19103F-16F7-4668-BE54-9A1E7A4F7556}") = "Semantic.Kernel.Agent2AgentProtocol.UpperCaseAgent", "Semantic.Kernel.Agent2AgentProtocol.Example.Agent3\Semantic.Kernel.Agent2AgentProtocol.UpperCaseAgent.csproj", "{A53D67BE-ABE0-4255-9F40-6359F79E2AA3}"
EndProject
Project("{FAE04EC0-301F-11D3-BF4B-00C04F79EFBC}") = "Semantic.Kernel.Agent2AgentProtocol.NewsAgent", "Semantic.Kernel.Agent2AgentProtocol.Example.Agent4\Semantic.Kernel.Agent2AgentProtocol.NewsAgent.csproj", "{272CB019-D4C6-6A2C-32FD-953EA6E44919}"
EndProject
Global
	GlobalSection(SolutionConfigurationPlatforms) = preSolution
		Debug|Any CPU = Debug|Any CPU
		Release|Any CPU = Release|Any CPU
	EndGlobalSection
	GlobalSection(ProjectConfigurationPlatforms) = postSolution
		{D76E89B8-77BE-4735-A6F1-B061F241B26D}.Debug|Any CPU.ActiveCfg = Debug|Any CPU
		{D76E89B8-77BE-4735-A6F1-B061F241B26D}.Debug|Any CPU.Build.0 = Debug|Any CPU
		{D76E89B8-77BE-4735-A6F1-B061F241B26D}.Release|Any CPU.ActiveCfg = Release|Any CPU
		{D76E89B8-77BE-4735-A6F1-B061F241B26D}.Release|Any CPU.Build.0 = Release|Any CPU
		{BC62CDF0-F235-494D-BDBD-A3DA96BF5DA3}.Debug|Any CPU.ActiveCfg = Debug|Any CPU
		{BC62CDF0-F235-494D-BDBD-A3DA96BF5DA3}.Debug|Any CPU.Build.0 = Debug|Any CPU
		{BC62CDF0-F235-494D-BDBD-A3DA96BF5DA3}.Release|Any CPU.ActiveCfg = Release|Any CPU
		{BC62CDF0-F235-494D-BDBD-A3DA96BF5DA3}.Release|Any CPU.Build.0 = Release|Any CPU
		{B7CC8F7C-C6F8-4371-8F73-318E2B8117F3}.Debug|Any CPU.ActiveCfg = Debug|Any CPU
		{B7CC8F7C-C6F8-4371-8F73-318E2B8117F3}.Debug|Any CPU.Build.0 = Debug|Any CPU
		{B7CC8F7C-C6F8-4371-8F73-318E2B8117F3}.Release|Any CPU.ActiveCfg = Release|Any CPU
		{B7CC8F7C-C6F8-4371-8F73-318E2B8117F3}.Release|Any CPU.Build.0 = Release|Any CPU
		{BC76B006-2E86-48F3-A339-29A13DA02FF4}.Debug|Any CPU.ActiveCfg = Debug|Any CPU
		{BC76B006-2E86-48F3-A339-29A13DA02FF4}.Debug|Any CPU.Build.0 = Debug|Any CPU
		{BC76B006-2E86-48F3-A339-29A13DA02FF4}.Release|Any CPU.ActiveCfg = Release|Any CPU
		{BC76B006-2E86-48F3-A339-29A13DA02FF4}.Release|Any CPU.Build.0 = Release|Any CPU
		{A53D67BE-ABE0-4255-9F40-6359F79E2AA3}.Debug|Any CPU.ActiveCfg = Debug|Any CPU
		{A53D67BE-ABE0-4255-9F40-6359F79E2AA3}.Debug|Any CPU.Build.0 = Debug|Any CPU
		{A53D67BE-ABE0-4255-9F40-6359F79E2AA3}.Release|Any CPU.ActiveCfg = Release|Any CPU
		{A53D67BE-ABE0-4255-9F40-6359F79E2AA3}.Release|Any CPU.Build.0 = Release|Any CPU
		{272CB019-D4C6-6A2C-32FD-953EA6E44919}.Debug|Any CPU.ActiveCfg = Debug|Any CPU
		{272CB019-D4C6-6A2C-32FD-953EA6E44919}.Debug|Any CPU.Build.0 = Debug|Any CPU
		{272CB019-D4C6-6A2C-32FD-953EA6E44919}.Release|Any CPU.ActiveCfg = Release|Any CPU
		{272CB019-D4C6-6A2C-32FD-953EA6E44919}.Release|Any CPU.Build.0 = Release|Any CPU
	EndGlobalSection
	GlobalSection(SolutionProperties) = preSolution
		HideSolutionNode = FALSE
	EndGlobalSection
	GlobalSection(ExtensibilityGlobals) = postSolution
		SolutionGuid = {0226D2B7-7708-4125-933A-2A84D7EE00EB}
	EndGlobalSection
EndGlobal
